
Microsoft Visual Studio Solution File, Format Version 12.00
# Visual Studio Version 16
VisualStudioVersion = 16.0.29306.81
MinimumVisualStudioVersion = 10.0.40219.1
Project("{FAE04EC0-301F-11D3-BF4B-00C04F79EFBC}") = "Task 1", "Exam\Task 1.csproj", "{8B838764-B539-4EE4-B893-CE345E0E08A7}"
EndProject
Project("{FAE04EC0-301F-11D3-BF4B-00C04F79EFBC}") = "Task 2", "Task 2\Task 2.csproj", "{FDEDDE60-D83F-43C2-96DA-52BC361F6294}"
EndProject
Project("{FAE04EC0-301F-11D3-BF4B-00C04F79EFBC}") = "FileJson", "FileJson\FileJson.csproj", "{EAEF2CAE-D569-4ABE-BCB7-5CCFA2C83ADE}"
EndProject
Global
	GlobalSection(SolutionConfigurationPlatforms) = preSolution
		Debug|Any CPU = Debug|Any CPU
		Release|Any CPU = Release|Any CPU
	EndGlobalSection
	GlobalSection(ProjectConfigurationPlatforms) = postSolution
		{8B838764-B539-4EE4-B893-CE345E0E08A7}.Debug|Any CPU.ActiveCfg = Debug|Any CPU
		{8B838764-B539-4EE4-B893-CE345E0E08A7}.Debug|Any CPU.Build.0 = Debug|Any CPU
		{8B838764-B539-4EE4-B893-CE345E0E08A7}.Release|Any CPU.ActiveCfg = Release|Any CPU
		{8B838764-B539-4EE4-B893-CE345E0E08A7}.Release|Any CPU.Build.0 = Release|Any CPU
		{FDEDDE60-D83F-43C2-96DA-52BC361F6294}.Debug|Any CPU.ActiveCfg = Debug|Any CPU
		{FDEDDE60-D83F-43C2-96DA-52BC361F6294}.Debug|Any CPU.Build.0 = Debug|Any CPU
		{FDEDDE60-D83F-43C2-96DA-52BC361F6294}.Release|Any CPU.ActiveCfg = Release|Any CPU
		{FDEDDE60-D83F-43C2-96DA-52BC361F6294}.Release|Any CPU.Build.0 = Release|Any CPU
		{EAEF2CAE-D569-4ABE-BCB7-5CCFA2C83ADE}.Debug|Any CPU.ActiveCfg = Debug|Any CPU
		{EAEF2CAE-D569-4ABE-BCB7-5CCFA2C83ADE}.Debug|Any CPU.Build.0 = Debug|Any CPU
		{EAEF2CAE-D569-4ABE-BCB7-5CCFA2C83ADE}.Release|Any CPU.ActiveCfg = Release|Any CPU
		{EAEF2CAE-D569-4ABE-BCB7-5CCFA2C83ADE}.Release|Any CPU.Build.0 = Release|Any CPU
	EndGlobalSection
	GlobalSection(SolutionProperties) = preSolution
		HideSolutionNode = FALSE
	EndGlobalSection
	GlobalSection(ExtensibilityGlobals) = postSolution
		SolutionGuid = {68E5D3F4-C6BC-4284-AD78-CC69ED16837F}
	EndGlobalSection
EndGlobal
